
Microsoft Visual Studio Solution File, Format Version 12.00
# Visual Studio Version 16
VisualStudioVersion = 16.0.30114.105
MinimumVisualStudioVersion = 10.0.40219.1
Project("{FAE04EC0-301F-11D3-BF4B-00C04F79EFBC}") = "YOLO", "YOLO\YOLO.csproj", "{BB534911-E416-456D-9276-F18A2AB394B2}"
EndProject
Global
	GlobalSection(SolutionConfigurationPlatforms) = preSolution
		Debug|Any CPU = Debug|Any CPU
		Release|Any CPU = Release|Any CPU
	EndGlobalSection
	GlobalSection(ProjectConfigurationPlatforms) = postSolution
		{BB534911-E416-456D-9276-F18A2AB394B2}.Debug|Any CPU.ActiveCfg = Debug|Any CPU
		{BB534911-E416-456D-9276-F18A2AB394B2}.Debug|Any CPU.Build.0 = Debug|Any CPU
		{BB534911-E416-456D-9276-F18A2AB394B2}.Release|Any CPU.ActiveCfg = Release|Any CPU
		{BB534911-E416-456D-9276-F18A2AB394B2}.Release|Any CPU.Build.0 = Release|Any CPU
	EndGlobalSection
	GlobalSection(SolutionProperties) = preSolution
		HideSolutionNode = FALSE
	EndGlobalSection
	GlobalSection(ExtensibilityGlobals) = postSolution
		SolutionGuid = {8C250E18-82C1-49CC-8BF9-4D264D7D73FE}
	EndGlobalSection
EndGlobal
